# This file is automatically @generated by Cargo.
# It is not intended for manual editing.
version = 3

[[package]]
name = "repro-117902"
version = "0.1.0"
dependencies = [
 "wgpu",
 "wgpu-types",
]

[[package]]
name = "wgpu"
version = "0.1.0"
dependencies = [
 "wgpu-types",
]

[[package]]
name = "wgpu-types"
version = "0.1.0"
